
Microsoft Visual Studio Solution File, Format Version 12.00
# Visual Studio 15
VisualStudioVersion = 15.0.26228.9
MinimumVisualStudioVersion = 10.0.40219.1
Project("{8BC9CEB8-8B4A-11D0-8D11-00A0C91BC942}") = "3주차 프로그래밍1", "3주차 프로그래밍\3주차 프로그래밍.vcxproj", "{C2F7ECDE-36A1-4D7A-AA40-BBAD68D5F5B1}"
EndProject
Project("{8BC9CEB8-8B4A-11D0-8D11-00A0C91BC942}") = "3주차 프로그래밍2", "3주차 프로그래밍2\3주차 프로그래밍2.vcxproj", "{84CFBE8E-8D37-443F-855E-E075B7D7DC11}"
EndProject
Project("{8BC9CEB8-8B4A-11D0-8D11-00A0C91BC942}") = "3주차 프로그래밍3", "3주차 프로그래밍3\3주차 프로그래밍3.vcxproj", "{17ECAEB5-7784-48E4-8867-8AD3AC035A8A}"
EndProject
Project("{8BC9CEB8-8B4A-11D0-8D11-00A0C91BC942}") = "3주차 프로그래밍4", "3주차 프로그래밍4\3주차 프로그래밍4.vcxproj", "{A5D85F3A-CA24-416C-B434-641BE3F36DDE}"
EndProject
Project("{8BC9CEB8-8B4A-11D0-8D11-00A0C91BC942}") = "3주차 프로그래밍5", "3주차 프로그래밍5\3주차 프로그래밍5.vcxproj", "{514BFAB1-F5F7-4E8A-8602-4E3BC19832DC}"
EndProject
Project("{8BC9CEB8-8B4A-11D0-8D11-00A0C91BC942}") = "3주차 프로그래밍6", "3주차 프로그래밍6\3주차 프로그래밍6.vcxproj", "{872E94D9-2780-4D7A-B5C1-9A94F2F5202B}"
EndProject
Global
	GlobalSection(SolutionConfigurationPlatforms) = preSolution
		Debug|x64 = Debug|x64
		Debug|x86 = Debug|x86
		Release|x64 = Release|x64
		Release|x86 = Release|x86
	EndGlobalSection
	GlobalSection(ProjectConfigurationPlatforms) = postSolution
		{C2F7ECDE-36A1-4D7A-AA40-BBAD68D5F5B1}.Debug|x64.ActiveCfg = Debug|x64
		{C2F7ECDE-36A1-4D7A-AA40-BBAD68D5F5B1}.Debug|x64.Build.0 = Debug|x64
		{C2F7ECDE-36A1-4D7A-AA40-BBAD68D5F5B1}.Debug|x86.ActiveCfg = Debug|Win32
		{C2F7ECDE-36A1-4D7A-AA40-BBAD68D5F5B1}.Debug|x86.Build.0 = Debug|Win32
		{C2F7ECDE-36A1-4D7A-AA40-BBAD68D5F5B1}.Release|x64.ActiveCfg = Release|x64
		{C2F7ECDE-36A1-4D7A-AA40-BBAD68D5F5B1}.Release|x64.Build.0 = Release|x64
		{C2F7ECDE-36A1-4D7A-AA40-BBAD68D5F5B1}.Release|x86.ActiveCfg = Release|Win32
		{C2F7ECDE-36A1-4D7A-AA40-BBAD68D5F5B1}.Release|x86.Build.0 = Release|Win32
		{84CFBE8E-8D37-443F-855E-E075B7D7DC11}.Debug|x64.ActiveCfg = Debug|x64
		{84CFBE8E-8D37-443F-855E-E075B7D7DC11}.Debug|x64.Build.0 = Debug|x64
		{84CFBE8E-8D37-443F-855E-E075B7D7DC11}.Debug|x86.ActiveCfg = Debug|Win32
		{84CFBE8E-8D37-443F-855E-E075B7D7DC11}.Debug|x86.Build.0 = Debug|Win32
		{84CFBE8E-8D37-443F-855E-E075B7D7DC11}.Release|x64.ActiveCfg = Release|x64
		{84CFBE8E-8D37-443F-855E-E075B7D7DC11}.Release|x64.Build.0 = Release|x64
		{84CFBE8E-8D37-443F-855E-E075B7D7DC11}.Release|x86.ActiveCfg = Release|Win32
		{84CFBE8E-8D37-443F-855E-E075B7D7DC11}.Release|x86.Build.0 = Release|Win32
		{17ECAEB5-7784-48E4-8867-8AD3AC035A8A}.Debug|x64.ActiveCfg = Debug|x64
		{17ECAEB5-7784-48E4-8867-8AD3AC035A8A}.Debug|x64.Build.0 = Debug|x64
		{17ECAEB5-7784-48E4-8867-8AD3AC035A8A}.Debug|x86.ActiveCfg = Debug|Win32
		{17ECAEB5-7784-48E4-8867-8AD3AC035A8A}.Debug|x86.Build.0 = Debug|Win32
		{17ECAEB5-7784-48E4-8867-8AD3AC035A8A}.Release|x64.ActiveCfg = Release|x64
		{17ECAEB5-7784-48E4-8867-8AD3AC035A8A}.Release|x64.Build.0 = Release|x64
		{17ECAEB5-7784-48E4-8867-8AD3AC035A8A}.Release|x86.ActiveCfg = Release|Win32
		{17ECAEB5-7784-48E4-8867-8AD3AC035A8A}.Release|x86.Build.0 = Release|Win32
		{A5D85F3A-CA24-416C-B434-641BE3F36DDE}.Debug|x64.ActiveCfg = Debug|x64
		{A5D85F3A-CA24-416C-B434-641BE3F36DDE}.Debug|x64.Build.0 = Debug|x64
		{A5D85F3A-CA24-416C-B434-641BE3F36DDE}.Debug|x86.ActiveCfg = Debug|Win32
		{A5D85F3A-CA24-416C-B434-641BE3F36DDE}.Debug|x86.Build.0 = Debug|Win32
		{A5D85F3A-CA24-416C-B434-641BE3F36DDE}.Release|x64.ActiveCfg = Release|x64
		{A5D85F3A-CA24-416C-B434-641BE3F36DDE}.Release|x64.Build.0 = Release|x64
		{A5D85F3A-CA24-416C-B434-641BE3F36DDE}.Release|x86.ActiveCfg = Release|Win32
		{A5D85F3A-CA24-416C-B434-641BE3F36DDE}.Release|x86.Build.0 = Release|Win32
		{514BFAB1-F5F7-4E8A-8602-4E3BC19832DC}.Debug|x64.ActiveCfg = Debug|x64
		{514BFAB1-F5F7-4E8A-8602-4E3BC19832DC}.Debug|x64.Build.0 = Debug|x64
		{514BFAB1-F5F7-4E8A-8602-4E3BC19832DC}.Debug|x86.ActiveCfg = Debug|Win32
		{514BFAB1-F5F7-4E8A-8602-4E3BC19832DC}.Debug|x86.Build.0 = Debug|Win32
		{514BFAB1-F5F7-4E8A-8602-4E3BC19832DC}.Release|x64.ActiveCfg = Release|x64
		{514BFAB1-F5F7-4E8A-8602-4E3BC19832DC}.Release|x64.Build.0 = Release|x64
		{514BFAB1-F5F7-4E8A-8602-4E3BC19832DC}.Release|x86.ActiveCfg = Release|Win32
		{514BFAB1-F5F7-4E8A-8602-4E3BC19832DC}.Release|x86.Build.0 = Release|Win32
		{872E94D9-2780-4D7A-B5C1-9A94F2F5202B}.Debug|x64.ActiveCfg = Debug|x64
		{872E94D9-2780-4D7A-B5C1-9A94F2F5202B}.Debug|x64.Build.0 = Debug|x64
		{872E94D9-2780-4D7A-B5C1-9A94F2F5202B}.Debug|x86.ActiveCfg = Debug|Win32
		{872E94D9-2780-4D7A-B5C1-9A94F2F5202B}.Debug|x86.Build.0 = Debug|Win32
		{872E94D9-2780-4D7A-B5C1-9A94F2F5202B}.Release|x64.ActiveCfg = Release|x64
		{872E94D9-2780-4D7A-B5C1-9A94F2F5202B}.Release|x64.Build.0 = Release|x64
		{872E94D9-2780-4D7A-B5C1-9A94F2F5202B}.Release|x86.ActiveCfg = Release|Win32
		{872E94D9-2780-4D7A-B5C1-9A94F2F5202B}.Release|x86.Build.0 = Release|Win32
	EndGlobalSection
	GlobalSection(SolutionProperties) = preSolution
		HideSolutionNode = FALSE
	EndGlobalSection
EndGlobal
